// !$*UTF8*$!
{
	archiveVersion = 1;
	classes = {
	};
	objectVersion = 77;
	objects = {

/* Begin PBXBuildFile section */
		C822FC282DFABB220020DCC1 /* DbtUrges.swift in Sources */ = {isa = PBXBuildFile; fileRef = C822FC262DFABB1C0020DCC1 /* DbtUrges.swift */; };
		C822FC2A2DFABE1D0020DCC1 /* DbtEmotion.swift in Sources */ = {isa = PBXBuildFile; fileRef = C822FC292DFABE1D0020DCC1 /* DbtEmotion.swift */; };
		C822FC2C2DFABF760020DCC1 /* DbtAction.swift in Sources */ = {isa = PBXBuildFile; fileRef = C822FC2B2DFABF760020DCC1 /* DbtAction.swift */; };
		C822FC2E2DFAC0A90020DCC1 /* DbtGoal.swift in Sources */ = {isa = PBXBuildFile; fileRef = C822FC2D2DFAC0A90020DCC1 /* DbtGoal.swift */; };
		C822FC302DFAFBD90020DCC1 /* DbtSkillUsefulnessRating.swift in Sources */ = {isa = PBXBuildFile; fileRef = C822FC2F2DFAFBD90020DCC1 /* DbtSkillUsefulnessRating.swift */; };
		C822FC322DFAFC850020DCC1 /* DbtMedicationCheckIn.swift in Sources */ = {isa = PBXBuildFile; fileRef = C822FC312DFAFC850020DCC1 /* DbtMedicationCheckIn.swift */; };
		C822FC342DFAFE600020DCC1 /* DbtDiaryNote.swift in Sources */ = {isa = PBXBuildFile; fileRef = C822FC332DFAFE600020DCC1 /* DbtDiaryNote.swift */; };
		C822FC362DFAFEC10020DCC1 /* InputType.swift in Sources */ = {isa = PBXBuildFile; fileRef = C822FC352DFAFEC10020DCC1 /* InputType.swift */; };
		C822FC382DFB997B0020DCC1 /* UserProfile.swift in Sources */ = {isa = PBXBuildFile; fileRef = C822FC372DFB997B0020DCC1 /* UserProfile.swift */; };
		C822FC3A2DFB9A340020DCC1 /* DiaryCardModel.swift in Sources */ = {isa = PBXBuildFile; fileRef = C822FC392DFB9A270020DCC1 /* DiaryCardModel.swift */; };
		C822FC3C2DFB9B290020DCC1 /* UserDataManager.swift in Sources */ = {isa = PBXBuildFile; fileRef = C822FC3B2DFB9B290020DCC1 /* UserDataManager.swift */; };
		C822FC3E2DFB9C8C0020DCC1 /* GoogleService-Info.plist in Resources */ = {isa = PBXBuildFile; fileRef = C822FC3D2DFB9C8C0020DCC1 /* GoogleService-Info.plist */; };
		C822FC3F2DFB9C8C0020DCC1 /* GoogleService-Info.plist in Resources */ = {isa = PBXBuildFile; fileRef = C822FC3D2DFB9C8C0020DCC1 /* GoogleService-Info.plist */; };
		C822FC402DFB9C8C0020DCC1 /* GoogleService-Info.plist in Resources */ = {isa = PBXBuildFile; fileRef = C822FC3D2DFB9C8C0020DCC1 /* GoogleService-Info.plist */; };
		C822FC432DFB9DA20020DCC1 /* FirebaseAI in Frameworks */ = {isa = PBXBuildFile; productRef = C822FC422DFB9DA20020DCC1 /* FirebaseAI */; };
		C822FC452DFB9DA20020DCC1 /* FirebaseAnalytics in Frameworks */ = {isa = PBXBuildFile; productRef = C822FC442DFB9DA20020DCC1 /* FirebaseAnalytics */; };
		C822FC472DFB9DA20020DCC1 /* FirebaseAnalyticsCore in Frameworks */ = {isa = PBXBuildFile; productRef = C822FC462DFB9DA20020DCC1 /* FirebaseAnalyticsCore */; };
		C822FC492DFB9DA20020DCC1 /* FirebaseAnalyticsIdentitySupport in Frameworks */ = {isa = PBXBuildFile; productRef = C822FC482DFB9DA20020DCC1 /* FirebaseAnalyticsIdentitySupport */; };
		C822FC4B2DFB9DA20020DCC1 /* FirebaseAnalyticsOnDeviceConversion in Frameworks */ = {isa = PBXBuildFile; productRef = C822FC4A2DFB9DA20020DCC1 /* FirebaseAnalyticsOnDeviceConversion */; };
		C822FC4D2DFB9DA20020DCC1 /* FirebaseAnalyticsWithoutAdIdSupport in Frameworks */ = {isa = PBXBuildFile; productRef = C822FC4C2DFB9DA20020DCC1 /* FirebaseAnalyticsWithoutAdIdSupport */; };
		C822FC4F2DFB9DA20020DCC1 /* FirebaseAppCheck in Frameworks */ = {isa = PBXBuildFile; productRef = C822FC4E2DFB9DA20020DCC1 /* FirebaseAppCheck */; };
		C822FC512DFB9DA20020DCC1 /* FirebaseAppDistribution-Beta in Frameworks */ = {isa = PBXBuildFile; productRef = C822FC502DFB9DA20020DCC1 /* FirebaseAppDistribution-Beta */; };
		C822FC532DFB9DA20020DCC1 /* FirebaseAuth in Frameworks */ = {isa = PBXBuildFile; productRef = C822FC522DFB9DA20020DCC1 /* FirebaseAuth */; };
		C822FC552DFB9DA20020DCC1 /* FirebaseAuthCombine-Community in Frameworks */ = {isa = PBXBuildFile; productRef = C822FC542DFB9DA20020DCC1 /* FirebaseAuthCombine-Community */; };
		C822FC572DFB9DA20020DCC1 /* FirebaseCore in Frameworks */ = {isa = PBXBuildFile; productRef = C822FC562DFB9DA20020DCC1 /* FirebaseCore */; };
		C822FC592DFB9DA20020DCC1 /* FirebaseCrashlytics in Frameworks */ = {isa = PBXBuildFile; productRef = C822FC582DFB9DA20020DCC1 /* FirebaseCrashlytics */; };
		C822FC5B2DFB9DA20020DCC1 /* FirebaseDatabase in Frameworks */ = {isa = PBXBuildFile; productRef = C822FC5A2DFB9DA20020DCC1 /* FirebaseDatabase */; };
		C822FC5D2DFB9DA20020DCC1 /* FirebaseDynamicLinks in Frameworks */ = {isa = PBXBuildFile; productRef = C822FC5C2DFB9DA20020DCC1 /* FirebaseDynamicLinks */; };
		C822FC5F2DFB9DA20020DCC1 /* FirebaseFirestore in Frameworks */ = {isa = PBXBuildFile; productRef = C822FC5E2DFB9DA20020DCC1 /* FirebaseFirestore */; };
		C822FC612DFB9DA20020DCC1 /* FirebaseFirestoreCombine-Community in Frameworks */ = {isa = PBXBuildFile; productRef = C822FC602DFB9DA20020DCC1 /* FirebaseFirestoreCombine-Community */; };
		C822FC632DFB9DA20020DCC1 /* FirebaseFunctions in Frameworks */ = {isa = PBXBuildFile; productRef = C822FC622DFB9DA20020DCC1 /* FirebaseFunctions */; };
		C822FC652DFB9DA20020DCC1 /* FirebaseFunctionsCombine-Community in Frameworks */ = {isa = PBXBuildFile; productRef = C822FC642DFB9DA20020DCC1 /* FirebaseFunctionsCombine-Community */; };
		C822FC672DFB9DA20020DCC1 /* FirebaseInAppMessaging-Beta in Frameworks */ = {isa = PBXBuildFile; productRef = C822FC662DFB9DA20020DCC1 /* FirebaseInAppMessaging-Beta */; };
		C822FC692DFB9DA20020DCC1 /* FirebaseInstallations in Frameworks */ = {isa = PBXBuildFile; productRef = C822FC682DFB9DA20020DCC1 /* FirebaseInstallations */; };
		C822FC6B2DFB9DA20020DCC1 /* FirebaseMLModelDownloader in Frameworks */ = {isa = PBXBuildFile; productRef = C822FC6A2DFB9DA20020DCC1 /* FirebaseMLModelDownloader */; };
		C822FC6D2DFB9DA20020DCC1 /* FirebaseMessaging in Frameworks */ = {isa = PBXBuildFile; productRef = C822FC6C2DFB9DA20020DCC1 /* FirebaseMessaging */; };
		C822FC6F2DFB9DA20020DCC1 /* FirebasePerformance in Frameworks */ = {isa = PBXBuildFile; productRef = C822FC6E2DFB9DA20020DCC1 /* FirebasePerformance */; };
		C822FC712DFB9DA20020DCC1 /* FirebaseRemoteConfig in Frameworks */ = {isa = PBXBuildFile; productRef = C822FC702DFB9DA20020DCC1 /* FirebaseRemoteConfig */; };
		C822FC732DFB9DA20020DCC1 /* FirebaseStorage in Frameworks */ = {isa = PBXBuildFile; productRef = C822FC722DFB9DA20020DCC1 /* FirebaseStorage */; };
		C822FC752DFB9DA20020DCC1 /* FirebaseStorageCombine-Community in Frameworks */ = {isa = PBXBuildFile; productRef = C822FC742DFB9DA20020DCC1 /* FirebaseStorageCombine-Community */; };
		C822FC772DFB9DA20020DCC1 /* FirebaseVertexAI in Frameworks */ = {isa = PBXBuildFile; productRef = C822FC762DFB9DA20020DCC1 /* FirebaseVertexAI */; };
/* End PBXBuildFile section */

/* Begin PBXContainerItemProxy section */
		C8ABF8192DEAE238006963FD /* PBXContainerItemProxy */ = {
			isa = PBXContainerItemProxy;
			containerPortal = C8ABF7FE2DEAE236006963FD /* Project object */;
			proxyType = 1;
			remoteGlobalIDString = C8ABF8052DEAE236006963FD;
			remoteInfo = AppUI;
		};
		C8ABF8232DEAE238006963FD /* PBXContainerItemProxy */ = {
			isa = PBXContainerItemProxy;
			containerPortal = C8ABF7FE2DEAE236006963FD /* Project object */;
			proxyType = 1;
			remoteGlobalIDString = C8ABF8052DEAE236006963FD;
			remoteInfo = AppUI;
		};
/* End PBXContainerItemProxy section */

/* Begin PBXFileReference section */
		C822FC262DFABB1C0020DCC1 /* DbtUrges.swift */ = {isa = PBXFileReference; lastKnownFileType = sourcecode.swift; path = DbtUrges.swift; sourceTree = "<group>"; };
		C822FC292DFABE1D0020DCC1 /* DbtEmotion.swift */ = {isa = PBXFileReference; lastKnownFileType = sourcecode.swift; path = DbtEmotion.swift; sourceTree = "<group>"; };
		C822FC2B2DFABF760020DCC1 /* DbtAction.swift */ = {isa = PBXFileReference; lastKnownFileType = sourcecode.swift; path = DbtAction.swift; sourceTree = "<group>"; };
		C822FC2D2DFAC0A90020DCC1 /* DbtGoal.swift */ = {isa = PBXFileReference; lastKnownFileType = sourcecode.swift; path = DbtGoal.swift; sourceTree = "<group>"; };
		C822FC2F2DFAFBD90020DCC1 /* DbtSkillUsefulnessRating.swift */ = {isa = PBXFileReference; lastKnownFileType = sourcecode.swift; path = DbtSkillUsefulnessRating.swift; sourceTree = "<group>"; };
		C822FC312DFAFC850020DCC1 /* DbtMedicationCheckIn.swift */ = {isa = PBXFileReference; lastKnownFileType = sourcecode.swift; path = DbtMedicationCheckIn.swift; sourceTree = "<group>"; };
		C822FC332DFAFE600020DCC1 /* DbtDiaryNote.swift */ = {isa = PBXFileReference; lastKnownFileType = sourcecode.swift; path = DbtDiaryNote.swift; sourceTree = "<group>"; };
		C822FC352DFAFEC10020DCC1 /* InputType.swift */ = {isa = PBXFileReference; lastKnownFileType = sourcecode.swift; path = InputType.swift; sourceTree = "<group>"; };
		C822FC372DFB997B0020DCC1 /* UserProfile.swift */ = {isa = PBXFileReference; lastKnownFileType = sourcecode.swift; path = UserProfile.swift; sourceTree = "<group>"; };
		C822FC392DFB9A270020DCC1 /* DiaryCardModel.swift */ = {isa = PBXFileReference; lastKnownFileType = sourcecode.swift; path = DiaryCardModel.swift; sourceTree = "<group>"; };
		C822FC3B2DFB9B290020DCC1 /* UserDataManager.swift */ = {isa = PBXFileReference; lastKnownFileType = sourcecode.swift; path = UserDataManager.swift; sourceTree = "<group>"; };
		C822FC3D2DFB9C8C0020DCC1 /* GoogleService-Info.plist */ = {isa = PBXFileReference; lastKnownFileType = text.plist.xml; path = "GoogleService-Info.plist"; sourceTree = "<group>"; };
		C8ABF8062DEAE236006963FD /* AppUI.app */ = {isa = PBXFileReference; explicitFileType = wrapper.application; includeInIndex = 0; path = AppUI.app; sourceTree = BUILT_PRODUCTS_DIR; };
		C8ABF8182DEAE238006963FD /* AppUITests.xctest */ = {isa = PBXFileReference; explicitFileType = wrapper.cfbundle; includeInIndex = 0; path = AppUITests.xctest; sourceTree = BUILT_PRODUCTS_DIR; };
		C8ABF8222DEAE238006963FD /* AppUIUITests.xctest */ = {isa = PBXFileReference; explicitFileType = wrapper.cfbundle; includeInIndex = 0; path = AppUIUITests.xctest; sourceTree = BUILT_PRODUCTS_DIR; };
/* End PBXFileReference section */

/* Begin PBXFileSystemSynchronizedRootGroup section */
		C8ABF8082DEAE236006963FD /* AppUI */ = {
			isa = PBXFileSystemSynchronizedRootGroup;
			path = AppUI;
			sourceTree = "<group>";
		};
		C8ABF81B2DEAE238006963FD /* AppUITests */ = {
			isa = PBXFileSystemSynchronizedRootGroup;
			path = AppUITests;
			sourceTree = "<group>";
		};
		C8ABF8252DEAE238006963FD /* AppUIUITests */ = {
			isa = PBXFileSystemSynchronizedRootGroup;
			path = AppUIUITests;
			sourceTree = "<group>";
		};
/* End PBXFileSystemSynchronizedRootGroup section */

/* Begin PBXFrameworksBuildPhase section */
		C8ABF8032DEAE236006963FD /* Frameworks */ = {
			isa = PBXFrameworksBuildPhase;
			buildActionMask = 2147483647;
			files = (
				C822FC632DFB9DA20020DCC1 /* FirebaseFunctions in Frameworks */,
				C822FC5B2DFB9DA20020DCC1 /* FirebaseDatabase in Frameworks */,
				C822FC492DFB9DA20020DCC1 /* FirebaseAnalyticsIdentitySupport in Frameworks */,
				C822FC732DFB9DA20020DCC1 /* FirebaseStorage in Frameworks */,
				C822FC4D2DFB9DA20020DCC1 /* FirebaseAnalyticsWithoutAdIdSupport in Frameworks */,
				C822FC572DFB9DA20020DCC1 /* FirebaseCore in Frameworks */,
				C822FC452DFB9DA20020DCC1 /* FirebaseAnalytics in Frameworks */,
				C822FC6B2DFB9DA20020DCC1 /* FirebaseMLModelDownloader in Frameworks */,
				C822FC5D2DFB9DA20020DCC1 /* FirebaseDynamicLinks in Frameworks */,
				C822FC4B2DFB9DA20020DCC1 /* FirebaseAnalyticsOnDeviceConversion in Frameworks */,
				C822FC532DFB9DA20020DCC1 /* FirebaseAuth in Frameworks */,
				C822FC5F2DFB9DA20020DCC1 /* FirebaseFirestore in Frameworks */,
				C822FC612DFB9DA20020DCC1 /* FirebaseFirestoreCombine-Community in Frameworks */,
				C822FC772DFB9DA20020DCC1 /* FirebaseVertexAI in Frameworks */,
				C822FC672DFB9DA20020DCC1 /* FirebaseInAppMessaging-Beta in Frameworks */,
				C822FC652DFB9DA20020DCC1 /* FirebaseFunctionsCombine-Community in Frameworks */,
				C822FC4F2DFB9DA20020DCC1 /* FirebaseAppCheck in Frameworks */,
				C822FC752DFB9DA20020DCC1 /* FirebaseStorageCombine-Community in Frameworks */,
				C822FC712DFB9DA20020DCC1 /* FirebaseRemoteConfig in Frameworks */,
				C822FC472DFB9DA20020DCC1 /* FirebaseAnalyticsCore in Frameworks */,
				C822FC432DFB9DA20020DCC1 /* FirebaseAI in Frameworks */,
				C822FC6F2DFB9DA20020DCC1 /* FirebasePerformance in Frameworks */,
				C822FC592DFB9DA20020DCC1 /* FirebaseCrashlytics in Frameworks */,
				C822FC512DFB9DA20020DCC1 /* FirebaseAppDistribution-Beta in Frameworks */,
				C822FC552DFB9DA20020DCC1 /* FirebaseAuthCombine-Community in Frameworks */,
				C822FC6D2DFB9DA20020DCC1 /* FirebaseMessaging in Frameworks */,
				C822FC692DFB9DA20020DCC1 /* FirebaseInstallations in Frameworks */,
			);
			runOnlyForDeploymentPostprocessing = 0;
		};
		C8ABF8152DEAE238006963FD /* Frameworks */ = {
			isa = PBXFrameworksBuildPhase;
			buildActionMask = 2147483647;
			files = (
			);
			runOnlyForDeploymentPostprocessing = 0;
		};
		C8ABF81F2DEAE238006963FD /* Frameworks */ = {
			isa = PBXFrameworksBuildPhase;
			buildActionMask = 2147483647;
			files = (
			);
			runOnlyForDeploymentPostprocessing = 0;
		};
/* End PBXFrameworksBuildPhase section */

/* Begin PBXGroup section */
		C8ABF7FD2DEAE236006963FD = {
			isa = PBXGroup;
			children = (
				C822FC3D2DFB9C8C0020DCC1 /* GoogleService-Info.plist */,
				C822FC3B2DFB9B290020DCC1 /* UserDataManager.swift */,
				C822FC392DFB9A270020DCC1 /* DiaryCardModel.swift */,
				C822FC372DFB997B0020DCC1 /* UserProfile.swift */,
				C822FC352DFAFEC10020DCC1 /* InputType.swift */,
				C822FC332DFAFE600020DCC1 /* DbtDiaryNote.swift */,
				C822FC312DFAFC850020DCC1 /* DbtMedicationCheckIn.swift */,
				C822FC2F2DFAFBD90020DCC1 /* DbtSkillUsefulnessRating.swift */,
				C822FC2D2DFAC0A90020DCC1 /* DbtGoal.swift */,
				C822FC2B2DFABF760020DCC1 /* DbtAction.swift */,
				C822FC262DFABB1C0020DCC1 /* DbtUrges.swift */,
				C822FC292DFABE1D0020DCC1 /* DbtEmotion.swift */,
				C8ABF8082DEAE236006963FD /* AppUI */,
				C8ABF81B2DEAE238006963FD /* AppUITests */,
				C8ABF8252DEAE238006963FD /* AppUIUITests */,
				C8ABF8072DEAE236006963FD /* Products */,
			);
			sourceTree = "<group>";
		};
		C8ABF8072DEAE236006963FD /* Products */ = {
			isa = PBXGroup;
			children = (
				C8ABF8062DEAE236006963FD /* AppUI.app */,
				C8ABF8182DEAE238006963FD /* AppUITests.xctest */,
				C8ABF8222DEAE238006963FD /* AppUIUITests.xctest */,
			);
			name = Products;
			sourceTree = "<group>";
		};
/* End PBXGroup section */

/* Begin PBXNativeTarget section */
		C8ABF8052DEAE236006963FD /* AppUI */ = {
			isa = PBXNativeTarget;
			buildConfigurationList = C8ABF82C2DEAE238006963FD /* Build configuration list for PBXNativeTarget "AppUI" */;
			buildPhases = (
				C8ABF8022DEAE236006963FD /* Sources */,
				C8ABF8032DEAE236006963FD /* Frameworks */,
				C8ABF8042DEAE236006963FD /* Resources */,
			);
			buildRules = (
			);
			dependencies = (
			);
			fileSystemSynchronizedGroups = (
				C8ABF8082DEAE236006963FD /* AppUI */,
			);
			name = AppUI;
			packageProductDependencies = (
				C822FC422DFB9DA20020DCC1 /* FirebaseAI */,
				C822FC442DFB9DA20020DCC1 /* FirebaseAnalytics */,
				C822FC462DFB9DA20020DCC1 /* FirebaseAnalyticsCore */,
				C822FC482DFB9DA20020DCC1 /* FirebaseAnalyticsIdentitySupport */,
				C822FC4A2DFB9DA20020DCC1 /* FirebaseAnalyticsOnDeviceConversion */,
				C822FC4C2DFB9DA20020DCC1 /* FirebaseAnalyticsWithoutAdIdSupport */,
				C822FC4E2DFB9DA20020DCC1 /* FirebaseAppCheck */,
				C822FC502DFB9DA20020DCC1 /* FirebaseAppDistribution-Beta */,
				C822FC522DFB9DA20020DCC1 /* FirebaseAuth */,
				C822FC542DFB9DA20020DCC1 /* FirebaseAuthCombine-Community */,
				C822FC562DFB9DA20020DCC1 /* FirebaseCore */,
				C822FC582DFB9DA20020DCC1 /* FirebaseCrashlytics */,
				C822FC5A2DFB9DA20020DCC1 /* FirebaseDatabase */,
				C822FC5C2DFB9DA20020DCC1 /* FirebaseDynamicLinks */,
				C822FC5E2DFB9DA20020DCC1 /* FirebaseFirestore */,
				C822FC602DFB9DA20020DCC1 /* FirebaseFirestoreCombine-Community */,
				C822FC622DFB9DA20020DCC1 /* FirebaseFunctions */,
				C822FC642DFB9DA20020DCC1 /* FirebaseFunctionsCombine-Community */,
				C822FC662DFB9DA20020DCC1 /* FirebaseInAppMessaging-Beta */,
				C822FC682DFB9DA20020DCC1 /* FirebaseInstallations */,
				C822FC6A2DFB9DA20020DCC1 /* FirebaseMLModelDownloader */,
				C822FC6C2DFB9DA20020DCC1 /* FirebaseMessaging */,
				C822FC6E2DFB9DA20020DCC1 /* FirebasePerformance */,
				C822FC702DFB9DA20020DCC1 /* FirebaseRemoteConfig */,
				C822FC722DFB9DA20020DCC1 /* FirebaseStorage */,
				C822FC742DFB9DA20020DCC1 /* FirebaseStorageCombine-Community */,
				C822FC762DFB9DA20020DCC1 /* FirebaseVertexAI */,
			);
			productName = AppUI;
			productReference = C8ABF8062DEAE236006963FD /* AppUI.app */;
			productType = "com.apple.product-type.application";
		};
		C8ABF8172DEAE238006963FD /* AppUITests */ = {
			isa = PBXNativeTarget;
			buildConfigurationList = C8ABF82F2DEAE238006963FD /* Build configuration list for PBXNativeTarget "AppUITests" */;
			buildPhases = (
				C8ABF8142DEAE238006963FD /* Sources */,
				C8ABF8152DEAE238006963FD /* Frameworks */,
				C8ABF8162DEAE238006963FD /* Resources */,
			);
			buildRules = (
			);
			dependencies = (
				C8ABF81A2DEAE238006963FD /* PBXTargetDependency */,
			);
			fileSystemSynchronizedGroups = (
				C8ABF81B2DEAE238006963FD /* AppUITests */,
			);
			name = AppUITests;
			packageProductDependencies = (
			);
			productName = AppUITests;
			productReference = C8ABF8182DEAE238006963FD /* AppUITests.xctest */;
			productType = "com.apple.product-type.bundle.unit-test";
		};
		C8ABF8212DEAE238006963FD /* AppUIUITests */ = {
			isa = PBXNativeTarget;
			buildConfigurationList = C8ABF8322DEAE238006963FD /* Build configuration list for PBXNativeTarget "AppUIUITests" */;
			buildPhases = (
				C8ABF81E2DEAE238006963FD /* Sources */,
				C8ABF81F2DEAE238006963FD /* Frameworks */,
				C8ABF8202DEAE238006963FD /* Resources */,
			);
			buildRules = (
			);
			dependencies = (
				C8ABF8242DEAE238006963FD /* PBXTargetDependency */,
			);
			fileSystemSynchronizedGroups = (
				C8ABF8252DEAE238006963FD /* AppUIUITests */,
			);
			name = AppUIUITests;
			packageProductDependencies = (
			);
			productName = AppUIUITests;
			productReference = C8ABF8222DEAE238006963FD /* AppUIUITests.xctest */;
			productType = "com.apple.product-type.bundle.ui-testing";
		};
/* End PBXNativeTarget section */

/* Begin PBXProject section */
		C8ABF7FE2DEAE236006963FD /* Project object */ = {
			isa = PBXProject;
			attributes = {
				BuildIndependentTargetsInParallel = 1;
				LastSwiftUpdateCheck = 1620;
				LastUpgradeCheck = 1620;
				TargetAttributes = {
					C8ABF8052DEAE236006963FD = {
						CreatedOnToolsVersion = 16.2;
					};
					C8ABF8172DEAE238006963FD = {
						CreatedOnToolsVersion = 16.2;
						TestTargetID = C8ABF8052DEAE236006963FD;
					};
					C8ABF8212DEAE238006963FD = {
						CreatedOnToolsVersion = 16.2;
						TestTargetID = C8ABF8052DEAE236006963FD;
					};
				};
			};
			buildConfigurationList = C8ABF8012DEAE236006963FD /* Build configuration list for PBXProject "AppUI" */;
			developmentRegion = en;
			hasScannedForEncodings = 0;
			knownRegions = (
				en,
				Base,
			);
			mainGroup = C8ABF7FD2DEAE236006963FD;
			minimizedProjectReferenceProxies = 1;
			packageReferences = (
				C822FC412DFB9DA20020DCC1 /* XCRemoteSwiftPackageReference "firebase-ios-sdk" */,
			);
			preferredProjectObjectVersion = 77;
			productRefGroup = C8ABF8072DEAE236006963FD /* Products */;
			projectDirPath = "";
			projectRoot = "";
			targets = (
				C8ABF8052DEAE236006963FD /* AppUI */,
				C8ABF8172DEAE238006963FD /* AppUITests */,
				C8ABF8212DEAE238006963FD /* AppUIUITests */,
			);
		};
/* End PBXProject section */

/* Begin PBXResourcesBuildPhase section */
		C8ABF8042DEAE236006963FD /* Resources */ = {
			isa = PBXResourcesBuildPhase;
			buildActionMask = 2147483647;
			files = (
				C822FC3F2DFB9C8C0020DCC1 /* GoogleService-Info.plist in Resources */,
			);
			runOnlyForDeploymentPostprocessing = 0;
		};
		C8ABF8162DEAE238006963FD /* Resources */ = {
			isa = PBXResourcesBuildPhase;
			buildActionMask = 2147483647;
			files = (
				C822FC3E2DFB9C8C0020DCC1 /* GoogleService-Info.plist in Resources */,
			);
			runOnlyForDeploymentPostprocessing = 0;
		};
		C8ABF8202DEAE238006963FD /* Resources */ = {
			isa = PBXResourcesBuildPhase;
			buildActionMask = 2147483647;
			files = (
				C822FC402DFB9C8C0020DCC1 /* GoogleService-Info.plist in Resources */,
			);
			runOnlyForDeploymentPostprocessing = 0;
		};
/* End PBXResourcesBuildPhase section */

/* Begin PBXSourcesBuildPhase section */
		C8ABF8022DEAE236006963FD /* Sources */ = {
			isa = PBXSourcesBuildPhase;
			buildActionMask = 2147483647;
			files = (
				C822FC322DFAFC850020DCC1 /* DbtMedicationCheckIn.swift in Sources */,
				C822FC3C2DFB9B290020DCC1 /* UserDataManager.swift in Sources */,
				C822FC282DFABB220020DCC1 /* DbtUrges.swift in Sources */,
				C822FC2E2DFAC0A90020DCC1 /* DbtGoal.swift in Sources */,
				C822FC362DFAFEC10020DCC1 /* InputType.swift in Sources */,
				C822FC2A2DFABE1D0020DCC1 /* DbtEmotion.swift in Sources */,
				C822FC302DFAFBD90020DCC1 /* DbtSkillUsefulnessRating.swift in Sources */,
				C822FC3A2DFB9A340020DCC1 /* DiaryCardModel.swift in Sources */,
				C822FC382DFB997B0020DCC1 /* UserProfile.swift in Sources */,
				C822FC2C2DFABF760020DCC1 /* DbtAction.swift in Sources */,
				C822FC342DFAFE600020DCC1 /* DbtDiaryNote.swift in Sources */,
			);
			runOnlyForDeploymentPostprocessing = 0;
		};
		C8ABF8142DEAE238006963FD /* Sources */ = {
			isa = PBXSourcesBuildPhase;
			buildActionMask = 2147483647;
			files = (
			);
			runOnlyForDeploymentPostprocessing = 0;
		};
		C8ABF81E2DEAE238006963FD /* Sources */ = {
			isa = PBXSourcesBuildPhase;
			buildActionMask = 2147483647;
			files = (
			);
			runOnlyForDeploymentPostprocessing = 0;
		};
/* End PBXSourcesBuildPhase section */

/* Begin PBXTargetDependency section */
		C8ABF81A2DEAE238006963FD /* PBXTargetDependency */ = {
			isa = PBXTargetDependency;
			target = C8ABF8052DEAE236006963FD /* AppUI */;
			targetProxy = C8ABF8192DEAE238006963FD /* PBXContainerItemProxy */;
		};
		C8ABF8242DEAE238006963FD /* PBXTargetDependency */ = {
			isa = PBXTargetDependency;
			target = C8ABF8052DEAE236006963FD /* AppUI */;
			targetProxy = C8ABF8232DEAE238006963FD /* PBXContainerItemProxy */;
		};
/* End PBXTargetDependency section */

/* Begin XCBuildConfiguration section */
		C8ABF82A2DEAE238006963FD /* Debug */ = {
			isa = XCBuildConfiguration;
			buildSettings = {
				ALWAYS_SEARCH_USER_PATHS = NO;
				ASSETCATALOG_COMPILER_GENERATE_SWIFT_ASSET_SYMBOL_EXTENSIONS = YES;
				CLANG_ANALYZER_NONNULL = YES;
				CLANG_ANALYZER_NUMBER_OBJECT_CONVERSION = YES_AGGRESSIVE;
				CLANG_CXX_LANGUAGE_STANDARD = "gnu++20";
				CLANG_ENABLE_MODULES = YES;
				CLANG_ENABLE_OBJC_ARC = YES;
				CLANG_ENABLE_OBJC_WEAK = YES;
				CLANG_WARN_BLOCK_CAPTURE_AUTORELEASING = YES;
				CLANG_WARN_BOOL_CONVERSION = YES;
				CLANG_WARN_COMMA = YES;
				CLANG_WARN_CONSTANT_CONVERSION = YES;
				CLANG_WARN_DEPRECATED_OBJC_IMPLEMENTATIONS = YES;
				CLANG_WARN_DIRECT_OBJC_ISA_USAGE = YES_ERROR;
				CLANG_WARN_DOCUMENTATION_COMMENTS = YES;
				CLANG_WARN_EMPTY_BODY = YES;
				CLANG_WARN_ENUM_CONVERSION = YES;
				CLANG_WARN_INFINITE_RECURSION = YES;
				CLANG_WARN_INT_CONVERSION = YES;
				CLANG_WARN_NON_LITERAL_NULL_CONVERSION = YES;
				CLANG_WARN_OBJC_IMPLICIT_RETAIN_SELF = YES;
				CLANG_WARN_OBJC_LITERAL_CONVERSION = YES;
				CLANG_WARN_OBJC_ROOT_CLASS = YES_ERROR;
				CLANG_WARN_QUOTED_INCLUDE_IN_FRAMEWORK_HEADER = YES;
				CLANG_WARN_RANGE_LOOP_ANALYSIS = YES;
				CLANG_WARN_STRICT_PROTOTYPES = YES;
				CLANG_WARN_SUSPICIOUS_MOVE = YES;
				CLANG_WARN_UNGUARDED_AVAILABILITY = YES_AGGRESSIVE;
				CLANG_WARN_UNREACHABLE_CODE = YES;
				CLANG_WARN__DUPLICATE_METHOD_MATCH = YES;
				COPY_PHASE_STRIP = NO;
				DEBUG_INFORMATION_FORMAT = dwarf;
				ENABLE_STRICT_OBJC_MSGSEND = YES;
				ENABLE_TESTABILITY = YES;
				ENABLE_USER_SCRIPT_SANDBOXING = YES;
				GCC_C_LANGUAGE_STANDARD = gnu17;
				GCC_DYNAMIC_NO_PIC = NO;
				GCC_NO_COMMON_BLOCKS = YES;
				GCC_OPTIMIZATION_LEVEL = 0;
				GCC_PREPROCESSOR_DEFINITIONS = (
					"DEBUG=1",
					"$(inherited)",
				);
				GCC_WARN_64_TO_32_BIT_CONVERSION = YES;
				GCC_WARN_ABOUT_RETURN_TYPE = YES_ERROR;
				GCC_WARN_UNDECLARED_SELECTOR = YES;
				GCC_WARN_UNINITIALIZED_AUTOS = YES_AGGRESSIVE;
				GCC_WARN_UNUSED_FUNCTION = YES;
				GCC_WARN_UNUSED_VARIABLE = YES;
				IPHONEOS_DEPLOYMENT_TARGET = 18.2;
				LOCALIZATION_PREFERS_STRING_CATALOGS = YES;
				MTL_ENABLE_DEBUG_INFO = INCLUDE_SOURCE;
				MTL_FAST_MATH = YES;
				ONLY_ACTIVE_ARCH = YES;
				SDKROOT = iphoneos;
				SWIFT_ACTIVE_COMPILATION_CONDITIONS = "DEBUG $(inherited)";
				SWIFT_OPTIMIZATION_LEVEL = "-Onone";
			};
			name = Debug;
		};
		C8ABF82B2DEAE238006963FD /* Release */ = {
			isa = XCBuildConfiguration;
			buildSettings = {
				ALWAYS_SEARCH_USER_PATHS = NO;
				ASSETCATALOG_COMPILER_GENERATE_SWIFT_ASSET_SYMBOL_EXTENSIONS = YES;
				CLANG_ANALYZER_NONNULL = YES;
				CLANG_ANALYZER_NUMBER_OBJECT_CONVERSION = YES_AGGRESSIVE;
				CLANG_CXX_LANGUAGE_STANDARD = "gnu++20";
				CLANG_ENABLE_MODULES = YES;
				CLANG_ENABLE_OBJC_ARC = YES;
				CLANG_ENABLE_OBJC_WEAK = YES;
				CLANG_WARN_BLOCK_CAPTURE_AUTORELEASING = YES;
				CLANG_WARN_BOOL_CONVERSION = YES;
				CLANG_WARN_COMMA = YES;
				CLANG_WARN_CONSTANT_CONVERSION = YES;
				CLANG_WARN_DEPRECATED_OBJC_IMPLEMENTATIONS = YES;
				CLANG_WARN_DIRECT_OBJC_ISA_USAGE = YES_ERROR;
				CLANG_WARN_DOCUMENTATION_COMMENTS = YES;
				CLANG_WARN_EMPTY_BODY = YES;
				CLANG_WARN_ENUM_CONVERSION = YES;
				CLANG_WARN_INFINITE_RECURSION = YES;
				CLANG_WARN_INT_CONVERSION = YES;
				CLANG_WARN_NON_LITERAL_NULL_CONVERSION = YES;
				CLANG_WARN_OBJC_IMPLICIT_RETAIN_SELF = YES;
				CLANG_WARN_OBJC_LITERAL_CONVERSION = YES;
				CLANG_WARN_OBJC_ROOT_CLASS = YES_ERROR;
				CLANG_WARN_QUOTED_INCLUDE_IN_FRAMEWORK_HEADER = YES;
				CLANG_WARN_RANGE_LOOP_ANALYSIS = YES;
				CLANG_WARN_STRICT_PROTOTYPES = YES;
				CLANG_WARN_SUSPICIOUS_MOVE = YES;
				CLANG_WARN_UNGUARDED_AVAILABILITY = YES_AGGRESSIVE;
				CLANG_WARN_UNREACHABLE_CODE = YES;
				CLANG_WARN__DUPLICATE_METHOD_MATCH = YES;
				COPY_PHASE_STRIP = NO;
				DEBUG_INFORMATION_FORMAT = "dwarf-with-dsym";
				ENABLE_NS_ASSERTIONS = NO;
				ENABLE_STRICT_OBJC_MSGSEND = YES;
				ENABLE_USER_SCRIPT_SANDBOXING = YES;
				GCC_C_LANGUAGE_STANDARD = gnu17;
				GCC_NO_COMMON_BLOCKS = YES;
				GCC_WARN_64_TO_32_BIT_CONVERSION = YES;
				GCC_WARN_ABOUT_RETURN_TYPE = YES_ERROR;
				GCC_WARN_UNDECLARED_SELECTOR = YES;
				GCC_WARN_UNINITIALIZED_AUTOS = YES_AGGRESSIVE;
				GCC_WARN_UNUSED_FUNCTION = YES;
				GCC_WARN_UNUSED_VARIABLE = YES;
				IPHONEOS_DEPLOYMENT_TARGET = 18.2;
				LOCALIZATION_PREFERS_STRING_CATALOGS = YES;
				MTL_ENABLE_DEBUG_INFO = NO;
				MTL_FAST_MATH = YES;
				SDKROOT = iphoneos;
				SWIFT_COMPILATION_MODE = wholemodule;
				VALIDATE_PRODUCT = YES;
			};
			name = Release;
		};
		C8ABF82D2DEAE238006963FD /* Debug */ = {
			isa = XCBuildConfiguration;
			buildSettings = {
				ASSETCATALOG_COMPILER_APPICON_NAME = AppIcon;
				ASSETCATALOG_COMPILER_GLOBAL_ACCENT_COLOR_NAME = AccentColor;
				CODE_SIGN_STYLE = Automatic;
				CURRENT_PROJECT_VERSION = 1;
				DEVELOPMENT_ASSET_PATHS = "\"AppUI/Preview Content\"";
				DEVELOPMENT_TEAM = H7C875HHS6;
				ENABLE_PREVIEWS = YES;
				GENERATE_INFOPLIST_FILE = YES;
				INFOPLIST_KEY_UIApplicationSceneManifest_Generation = YES;
				INFOPLIST_KEY_UIApplicationSupportsIndirectInputEvents = YES;
				INFOPLIST_KEY_UILaunchScreen_Generation = YES;
				INFOPLIST_KEY_UISupportedInterfaceOrientations_iPad = "UIInterfaceOrientationPortrait UIInterfaceOrientationPortraitUpsideDown UIInterfaceOrientationLandscapeLeft UIInterfaceOrientationLandscapeRight";
				INFOPLIST_KEY_UISupportedInterfaceOrientations_iPhone = "UIInterfaceOrientationPortrait UIInterfaceOrientationLandscapeLeft UIInterfaceOrientationLandscapeRight";
				LD_RUNPATH_SEARCH_PATHS = (
					"$(inherited)",
					"@executable_path/Frameworks",
				);
				MARKETING_VERSION = 1.0;
				PRODUCT_BUNDLE_IDENTIFIER = com.genesis.MHT.AppUI;
				PRODUCT_NAME = "$(TARGET_NAME)";
				SWIFT_EMIT_LOC_STRINGS = YES;
				SWIFT_VERSION = 5.0;
				TARGETED_DEVICE_FAMILY = "1,2";
			};
			name = Debug;
		};
		C8ABF82E2DEAE238006963FD /* Release */ = {
			isa = XCBuildConfiguration;
			buildSettings = {
				ASSETCATALOG_COMPILER_APPICON_NAME = AppIcon;
				ASSETCATALOG_COMPILER_GLOBAL_ACCENT_COLOR_NAME = AccentColor;
				CODE_SIGN_STYLE = Automatic;
				CURRENT_PROJECT_VERSION = 1;
				DEVELOPMENT_ASSET_PATHS = "\"AppUI/Preview Content\"";
				DEVELOPMENT_TEAM = H7C875HHS6;
				ENABLE_PREVIEWS = YES;
				GENERATE_INFOPLIST_FILE = YES;
				INFOPLIST_KEY_UIApplicationSceneManifest_Generation = YES;
				INFOPLIST_KEY_UIApplicationSupportsIndirectInputEvents = YES;
				INFOPLIST_KEY_UILaunchScreen_Generation = YES;
				INFOPLIST_KEY_UISupportedInterfaceOrientations_iPad = "UIInterfaceOrientationPortrait UIInterfaceOrientationPortraitUpsideDown UIInterfaceOrientationLandscapeLeft UIInterfaceOrientationLandscapeRight";
				INFOPLIST_KEY_UISupportedInterfaceOrientations_iPhone = "UIInterfaceOrientationPortrait UIInterfaceOrientationLandscapeLeft UIInterfaceOrientationLandscapeRight";
				LD_RUNPATH_SEARCH_PATHS = (
					"$(inherited)",
					"@executable_path/Frameworks",
				);
				MARKETING_VERSION = 1.0;
				PRODUCT_BUNDLE_IDENTIFIER = com.genesis.MHT.AppUI;
				PRODUCT_NAME = "$(TARGET_NAME)";
				SWIFT_EMIT_LOC_STRINGS = YES;
				SWIFT_VERSION = 5.0;
				TARGETED_DEVICE_FAMILY = "1,2";
			};
			name = Release;
		};
		C8ABF8302DEAE238006963FD /* Debug */ = {
			isa = XCBuildConfiguration;
			buildSettings = {
				BUNDLE_LOADER = "$(TEST_HOST)";
				CODE_SIGN_STYLE = Automatic;
				CURRENT_PROJECT_VERSION = 1;
				DEVELOPMENT_TEAM = H7C875HHS6;
				GENERATE_INFOPLIST_FILE = YES;
				IPHONEOS_DEPLOYMENT_TARGET = 18.2;
				MARKETING_VERSION = 1.0;
				PRODUCT_BUNDLE_IDENTIFIER = com.genesis.MHT.AppUITests;
				PRODUCT_NAME = "$(TARGET_NAME)";
				SWIFT_EMIT_LOC_STRINGS = NO;
				SWIFT_VERSION = 5.0;
				TARGETED_DEVICE_FAMILY = "1,2";
				TEST_HOST = "$(BUILT_PRODUCTS_DIR)/AppUI.app/$(BUNDLE_EXECUTABLE_FOLDER_PATH)/AppUI";
			};
			name = Debug;
		};
		C8ABF8312DEAE238006963FD /* Release */ = {
			isa = XCBuildConfiguration;
			buildSettings = {
				BUNDLE_LOADER = "$(TEST_HOST)";
				CODE_SIGN_STYLE = Automatic;
				CURRENT_PROJECT_VERSION = 1;
				DEVELOPMENT_TEAM = H7C875HHS6;
				GENERATE_INFOPLIST_FILE = YES;
				IPHONEOS_DEPLOYMENT_TARGET = 18.2;
				MARKETING_VERSION = 1.0;
				PRODUCT_BUNDLE_IDENTIFIER = com.genesis.MHT.AppUITests;
				PRODUCT_NAME = "$(TARGET_NAME)";
				SWIFT_EMIT_LOC_STRINGS = NO;
				SWIFT_VERSION = 5.0;
				TARGETED_DEVICE_FAMILY = "1,2";
				TEST_HOST = "$(BUILT_PRODUCTS_DIR)/AppUI.app/$(BUNDLE_EXECUTABLE_FOLDER_PATH)/AppUI";
			};
			name = Release;
		};
		C8ABF8332DEAE238006963FD /* Debug */ = {
			isa = XCBuildConfiguration;
			buildSettings = {
				CODE_SIGN_STYLE = Automatic;
				CURRENT_PROJECT_VERSION = 1;
				DEVELOPMENT_TEAM = H7C875HHS6;
				GENERATE_INFOPLIST_FILE = YES;
				MARKETING_VERSION = 1.0;
				PRODUCT_BUNDLE_IDENTIFIER = com.genesis.MHT.AppUIUITests;
				PRODUCT_NAME = "$(TARGET_NAME)";
				SWIFT_EMIT_LOC_STRINGS = NO;
				SWIFT_VERSION = 5.0;
				TARGETED_DEVICE_FAMILY = "1,2";
				TEST_TARGET_NAME = AppUI;
			};
			name = Debug;
		};
		C8ABF8342DEAE238006963FD /* Release */ = {
			isa = XCBuildConfiguration;
			buildSettings = {
				CODE_SIGN_STYLE = Automatic;
				CURRENT_PROJECT_VERSION = 1;
				DEVELOPMENT_TEAM = H7C875HHS6;
				GENERATE_INFOPLIST_FILE = YES;
				MARKETING_VERSION = 1.0;
				PRODUCT_BUNDLE_IDENTIFIER = com.genesis.MHT.AppUIUITests;
				PRODUCT_NAME = "$(TARGET_NAME)";
				SWIFT_EMIT_LOC_STRINGS = NO;
				SWIFT_VERSION = 5.0;
				TARGETED_DEVICE_FAMILY = "1,2";
				TEST_TARGET_NAME = AppUI;
			};
			name = Release;
		};
/* End XCBuildConfiguration section */

/* Begin XCConfigurationList section */
		C8ABF8012DEAE236006963FD /* Build configuration list for PBXProject "AppUI" */ = {
			isa = XCConfigurationList;
			buildConfigurations = (
				C8ABF82A2DEAE238006963FD /* Debug */,
				C8ABF82B2DEAE238006963FD /* Release */,
			);
			defaultConfigurationIsVisible = 0;
			defaultConfigurationName = Release;
		};
		C8ABF82C2DEAE238006963FD /* Build configuration list for PBXNativeTarget "AppUI" */ = {
			isa = XCConfigurationList;
			buildConfigurations = (
				C8ABF82D2DEAE238006963FD /* Debug */,
				C8ABF82E2DEAE238006963FD /* Release */,
			);
			defaultConfigurationIsVisible = 0;
			defaultConfigurationName = Release;
		};
		C8ABF82F2DEAE238006963FD /* Build configuration list for PBXNativeTarget "AppUITests" */ = {
			isa = XCConfigurationList;
			buildConfigurations = (
				C8ABF8302DEAE238006963FD /* Debug */,
				C8ABF8312DEAE238006963FD /* Release */,
			);
			defaultConfigurationIsVisible = 0;
			defaultConfigurationName = Release;
		};
		C8ABF8322DEAE238006963FD /* Build configuration list for PBXNativeTarget "AppUIUITests" */ = {
			isa = XCConfigurationList;
			buildConfigurations = (
				C8ABF8332DEAE238006963FD /* Debug */,
				C8ABF8342DEAE238006963FD /* Release */,
			);
			defaultConfigurationIsVisible = 0;
			defaultConfigurationName = Release;
		};
/* End XCConfigurationList section */

/* Begin XCRemoteSwiftPackageReference section */
		C822FC412DFB9DA20020DCC1 /* XCRemoteSwiftPackageReference "firebase-ios-sdk" */ = {
			isa = XCRemoteSwiftPackageReference;
			repositoryURL = "https://github.com/firebase/firebase-ios-sdk";
			requirement = {
				kind = upToNextMajorVersion;
				minimumVersion = 11.14.0;
			};
		};
/* End XCRemoteSwiftPackageReference section */

/* Begin XCSwiftPackageProductDependency section */
		C822FC422DFB9DA20020DCC1 /* FirebaseAI */ = {
			isa = XCSwiftPackageProductDependency;
			package = C822FC412DFB9DA20020DCC1 /* XCRemoteSwiftPackageReference "firebase-ios-sdk" */;
			productName = FirebaseAI;
		};
		C822FC442DFB9DA20020DCC1 /* FirebaseAnalytics */ = {
			isa = XCSwiftPackageProductDependency;
			package = C822FC412DFB9DA20020DCC1 /* XCRemoteSwiftPackageReference "firebase-ios-sdk" */;
			productName = FirebaseAnalytics;
		};
		C822FC462DFB9DA20020DCC1 /* FirebaseAnalyticsCore */ = {
			isa = XCSwiftPackageProductDependency;
			package = C822FC412DFB9DA20020DCC1 /* XCRemoteSwiftPackageReference "firebase-ios-sdk" */;
			productName = FirebaseAnalyticsCore;
		};
		C822FC482DFB9DA20020DCC1 /* FirebaseAnalyticsIdentitySupport */ = {
			isa = XCSwiftPackageProductDependency;
			package = C822FC412DFB9DA20020DCC1 /* XCRemoteSwiftPackageReference "firebase-ios-sdk" */;
			productName = FirebaseAnalyticsIdentitySupport;
		};
		C822FC4A2DFB9DA20020DCC1 /* FirebaseAnalyticsOnDeviceConversion */ = {
			isa = XCSwiftPackageProductDependency;
			package = C822FC412DFB9DA20020DCC1 /* XCRemoteSwiftPackageReference "firebase-ios-sdk" */;
			productName = FirebaseAnalyticsOnDeviceConversion;
		};
		C822FC4C2DFB9DA20020DCC1 /* FirebaseAnalyticsWithoutAdIdSupport */ = {
			isa = XCSwiftPackageProductDependency;
			package = C822FC412DFB9DA20020DCC1 /* XCRemoteSwiftPackageReference "firebase-ios-sdk" */;
			productName = FirebaseAnalyticsWithoutAdIdSupport;
		};
		C822FC4E2DFB9DA20020DCC1 /* FirebaseAppCheck */ = {
			isa = XCSwiftPackageProductDependency;
			package = C822FC412DFB9DA20020DCC1 /* XCRemoteSwiftPackageReference "firebase-ios-sdk" */;
			productName = FirebaseAppCheck;
		};
		C822FC502DFB9DA20020DCC1 /* FirebaseAppDistribution-Beta */ = {
			isa = XCSwiftPackageProductDependency;
			package = C822FC412DFB9DA20020DCC1 /* XCRemoteSwiftPackageReference "firebase-ios-sdk" */;
			productName = "FirebaseAppDistribution-Beta";
		};
		C822FC522DFB9DA20020DCC1 /* FirebaseAuth */ = {
			isa = XCSwiftPackageProductDependency;
			package = C822FC412DFB9DA20020DCC1 /* XCRemoteSwiftPackageReference "firebase-ios-sdk" */;
			productName = FirebaseAuth;
		};
		C822FC542DFB9DA20020DCC1 /* FirebaseAuthCombine-Community */ = {
			isa = XCSwiftPackageProductDependency;
			package = C822FC412DFB9DA20020DCC1 /* XCRemoteSwiftPackageReference "firebase-ios-sdk" */;
			productName = "FirebaseAuthCombine-Community";
		};
		C822FC562DFB9DA20020DCC1 /* FirebaseCore */ = {
			isa = XCSwiftPackageProductDependency;
			package = C822FC412DFB9DA20020DCC1 /* XCRemoteSwiftPackageReference "firebase-ios-sdk" */;
			productName = FirebaseCore;
		};
		C822FC582DFB9DA20020DCC1 /* FirebaseCrashlytics */ = {
			isa = XCSwiftPackageProductDependency;
			package = C822FC412DFB9DA20020DCC1 /* XCRemoteSwiftPackageReference "firebase-ios-sdk" */;
			productName = FirebaseCrashlytics;
		};
		C822FC5A2DFB9DA20020DCC1 /* FirebaseDatabase */ = {
			isa = XCSwiftPackageProductDependency;
			package = C822FC412DFB9DA20020DCC1 /* XCRemoteSwiftPackageReference "firebase-ios-sdk" */;
			productName = FirebaseDatabase;
		};
		C822FC5C2DFB9DA20020DCC1 /* FirebaseDynamicLinks */ = {
			isa = XCSwiftPackageProductDependency;
			package = C822FC412DFB9DA20020DCC1 /* XCRemoteSwiftPackageReference "firebase-ios-sdk" */;
			productName = FirebaseDynamicLinks;
		};
		C822FC5E2DFB9DA20020DCC1 /* FirebaseFirestore */ = {
			isa = XCSwiftPackageProductDependency;
			package = C822FC412DFB9DA20020DCC1 /* XCRemoteSwiftPackageReference "firebase-ios-sdk" */;
			productName = FirebaseFirestore;
		};
		C822FC602DFB9DA20020DCC1 /* FirebaseFirestoreCombine-Community */ = {
			isa = XCSwiftPackageProductDependency;
			package = C822FC412DFB9DA20020DCC1 /* XCRemoteSwiftPackageReference "firebase-ios-sdk" */;
			productName = "FirebaseFirestoreCombine-Community";
		};
		C822FC622DFB9DA20020DCC1 /* FirebaseFunctions */ = {
			isa = XCSwiftPackageProductDependency;
			package = C822FC412DFB9DA20020DCC1 /* XCRemoteSwiftPackageReference "firebase-ios-sdk" */;
			productName = FirebaseFunctions;
		};
		C822FC642DFB9DA20020DCC1 /* FirebaseFunctionsCombine-Community */ = {
			isa = XCSwiftPackageProductDependency;
			package = C822FC412DFB9DA20020DCC1 /* XCRemoteSwiftPackageReference "firebase-ios-sdk" */;
			productName = "FirebaseFunctionsCombine-Community";
		};
		C822FC662DFB9DA20020DCC1 /* FirebaseInAppMessaging-Beta */ = {
			isa = XCSwiftPackageProductDependency;
			package = C822FC412DFB9DA20020DCC1 /* XCRemoteSwiftPackageReference "firebase-ios-sdk" */;
			productName = "FirebaseInAppMessaging-Beta";
		};
		C822FC682DFB9DA20020DCC1 /* FirebaseInstallations */ = {
			isa = XCSwiftPackageProductDependency;
			package = C822FC412DFB9DA20020DCC1 /* XCRemoteSwiftPackageReference "firebase-ios-sdk" */;
			productName = FirebaseInstallations;
		};
		C822FC6A2DFB9DA20020DCC1 /* FirebaseMLModelDownloader */ = {
			isa = XCSwiftPackageProductDependency;
			package = C822FC412DFB9DA20020DCC1 /* XCRemoteSwiftPackageReference "firebase-ios-sdk" */;
			productName = FirebaseMLModelDownloader;
		};
		C822FC6C2DFB9DA20020DCC1 /* FirebaseMessaging */ = {
			isa = XCSwiftPackageProductDependency;
			package = C822FC412DFB9DA20020DCC1 /* XCRemoteSwiftPackageReference "firebase-ios-sdk" */;
			productName = FirebaseMessaging;
		};
		C822FC6E2DFB9DA20020DCC1 /* FirebasePerformance */ = {
			isa = XCSwiftPackageProductDependency;
			package = C822FC412DFB9DA20020DCC1 /* XCRemoteSwiftPackageReference "firebase-ios-sdk" */;
			productName = FirebasePerformance;
		};
		C822FC702DFB9DA20020DCC1 /* FirebaseRemoteConfig */ = {
			isa = XCSwiftPackageProductDependency;
			package = C822FC412DFB9DA20020DCC1 /* XCRemoteSwiftPackageReference "firebase-ios-sdk" */;
			productName = FirebaseRemoteConfig;
		};
		C822FC722DFB9DA20020DCC1 /* FirebaseStorage */ = {
			isa = XCSwiftPackageProductDependency;
			package = C822FC412DFB9DA20020DCC1 /* XCRemoteSwiftPackageReference "firebase-ios-sdk" */;
			productName = FirebaseStorage;
		};
		C822FC742DFB9DA20020DCC1 /* FirebaseStorageCombine-Community */ = {
			isa = XCSwiftPackageProductDependency;
			package = C822FC412DFB9DA20020DCC1 /* XCRemoteSwiftPackageReference "firebase-ios-sdk" */;
			productName = "FirebaseStorageCombine-Community";
		};
		C822FC762DFB9DA20020DCC1 /* FirebaseVertexAI */ = {
			isa = XCSwiftPackageProductDependency;
			package = C822FC412DFB9DA20020DCC1 /* XCRemoteSwiftPackageReference "firebase-ios-sdk" */;
			productName = FirebaseVertexAI;
		};
/* End XCSwiftPackageProductDependency section */
	};
	rootObject = C8ABF7FE2DEAE236006963FD /* Project object */;
}
